
Microsoft Visual Studio Solution File, Format Version 12.00
# Visual Studio Version 17
VisualStudioVersion = 17.0.31410.414
MinimumVisualStudioVersion = 10.0.40219.1
Project("{9A19103F-16F7-4668-BE54-9A1E7A4F7556}") = "HttpScript", "src\HttpScript\HttpScript.csproj", "{016D9307-DE62-42A2-9408-7B2CECCBF336}"
EndProject
Project("{9A19103F-16F7-4668-BE54-9A1E7A4F7556}") = "Tests", "src\Tests\Tests.csproj", "{571729B8-4608-4B08-B30F-03345AE41447}"
EndProject
Project("{2150E333-8FDC-42A3-9474-1A3956D46DE8}") = "Solution Items", "Solution Items", "{74C27575-6A85-4F47-9146-F78670E4207C}"
	ProjectSection(SolutionItems) = preProject
		.editorconfig = .editorconfig
	EndProjectSection
EndProject
Global
	GlobalSection(SolutionConfigurationPlatforms) = preSolution
		Debug|Any CPU = Debug|Any CPU
		Release|Any CPU = Release|Any CPU
	EndGlobalSection
	GlobalSection(ProjectConfigurationPlatforms) = postSolution
		{016D9307-DE62-42A2-9408-7B2CECCBF336}.Debug|Any CPU.ActiveCfg = Debug|Any CPU
		{016D9307-DE62-42A2-9408-7B2CECCBF336}.Debug|Any CPU.Build.0 = Debug|Any CPU
		{016D9307-DE62-42A2-9408-7B2CECCBF336}.Release|Any CPU.ActiveCfg = Release|Any CPU
		{016D9307-DE62-42A2-9408-7B2CECCBF336}.Release|Any CPU.Build.0 = Release|Any CPU
		{571729B8-4608-4B08-B30F-03345AE41447}.Debug|Any CPU.ActiveCfg = Debug|Any CPU
		{571729B8-4608-4B08-B30F-03345AE41447}.Debug|Any CPU.Build.0 = Debug|Any CPU
		{571729B8-4608-4B08-B30F-03345AE41447}.Release|Any CPU.ActiveCfg = Release|Any CPU
		{571729B8-4608-4B08-B30F-03345AE41447}.Release|Any CPU.Build.0 = Release|Any CPU
	EndGlobalSection
	GlobalSection(SolutionProperties) = preSolution
		HideSolutionNode = FALSE
	EndGlobalSection
	GlobalSection(ExtensibilityGlobals) = postSolution
		SolutionGuid = {50872B8E-CBAD-478F-A080-B7FC3F18ABDF}
	EndGlobalSection
EndGlobal
